// !$*UTF8*$!
{
	archiveVersion = 1;
	classes = {
	};
	objectVersion = 54;
	objects = {

/* Begin PBXFileReference section */
		836B3009259E222600A6A5F7 /* magic */ = {isa = PBXFileReference; lastKnownFileType = folder; path = magic; sourceTree = "<group>"; };
		836B300A259E222600A6A5F7 /* highlight */ = {isa = PBXFileReference; lastKnownFileType = folder; path = highlight; sourceTree = "<group>"; };
		836B300B259E222600A6A5F7 /* boost */ = {isa = PBXFileReference; lastKnownFileType = folder; path = boost; sourceTree = "<group>"; };
		836B300C259E222600A6A5F7 /* Makefile */ = {isa = PBXFileReference; lastKnownFileType = sourcecode.make; path = Makefile; sourceTree = "<group>"; usesTabs = 1; };
		836B300E259E222600A6A5F7 /* .gitignore */ = {isa = PBXFileReference; lastKnownFileType = text; path = .gitignore; sourceTree = "<group>"; };
		836B300F259E222600A6A5F7 /* lua-5.4.4 */ = {isa = PBXFileReference; lastKnownFileType = folder; path = "lua-5.4.4"; sourceTree = "<group>"; };
		836B3010259E222600A6A5F7 /* wrapper_highlight.h */ = {isa = PBXFileReference; lastKnownFileType = sourcecode.c.h; path = wrapper_highlight.h; sourceTree = "<group>"; };
		836B3012259E222600A6A5F7 /* build */ = {isa = PBXFileReference; lastKnownFileType = folder; path = build; sourceTree = "<group>"; };
		836B3013259E222600A6A5F7 /* wrapper_highlight.cpp */ = {isa = PBXFileReference; lastKnownFileType = sourcecode.cpp.cpp; path = wrapper_highlight.cpp; sourceTree = "<group>"; };
		83B8DEA52DD523570054E345 /* contents.html */ = {isa = PBXFileReference; lastKnownFileType = text.html; path = contents.html; sourceTree = "<group>"; };
		83B8DEA62DD523570054E345 /* index.css */ = {isa = PBXFileReference; lastKnownFileType = text.css; path = index.css; sourceTree = "<group>"; };
		83B8DEA72DD523570054E345 /* logo.gif */ = {isa = PBXFileReference; lastKnownFileType = image.gif; path = logo.gif; sourceTree = "<group>"; };
		83B8DEA82DD523570054E345 /* lua.1 */ = {isa = PBXFileReference; lastKnownFileType = text.man; path = lua.1; sourceTree = "<group>"; };
		83B8DEA92DD523570054E345 /* lua.css */ = {isa = PBXFileReference; lastKnownFileType = text.css; path = lua.css; sourceTree = "<group>"; };
		83B8DEAA2DD523570054E345 /* luac.1 */ = {isa = PBXFileReference; lastKnownFileType = text.man; path = luac.1; sourceTree = "<group>"; };
		83B8DEAB2DD523570054E345 /* manual.css */ = {isa = PBXFileReference; lastKnownFileType = text.css; path = manual.css; sourceTree = "<group>"; };
		83B8DEAC2DD523570054E345 /* manual.html */ = {isa = PBXFileReference; lastKnownFileType = text.html; path = manual.html; sourceTree = "<group>"; };
		83B8DEAD2DD523570054E345 /* OSIApproved_100X125.png */ = {isa = PBXFileReference; lastKnownFileType = image.png; path = OSIApproved_100X125.png; sourceTree = "<group>"; };
		83B8DEAE2DD523570054E345 /* readme.html */ = {isa = PBXFileReference; lastKnownFileType = text.html; path = readme.html; sourceTree = "<group>"; };
		83B8DEB02DD523570054E345 /* lapi.h */ = {isa = PBXFileReference; lastKnownFileType = sourcecode.c.h; path = lapi.h; sourceTree = "<group>"; };
		83B8DEB12DD523570054E345 /* lapi.c */ = {isa = PBXFileReference; lastKnownFileType = sourcecode.c.c; path = lapi.c; sourceTree = "<group>"; };
		83B8DEB22DD523570054E345 /* lauxlib.h */ = {isa = PBXFileReference; lastKnownFileType = sourcecode.c.h; path = lauxlib.h; sourceTree = "<group>"; };
		83B8DEB32DD523570054E345 /* lauxlib.c */ = {isa = PBXFileReference; lastKnownFileType = sourcecode.c.c; path = lauxlib.c; sourceTree = "<group>"; };
		83B8DEB42DD523570054E345 /* lbaselib.c */ = {isa = PBXFileReference; lastKnownFileType = sourcecode.c.c; path = lbaselib.c; sourceTree = "<group>"; };
		83B8DEB52DD523570054E345 /* lcode.h */ = {isa = PBXFileReference; lastKnownFileType = sourcecode.c.h; path = lcode.h; sourceTree = "<group>"; };
		83B8DEB62DD523570054E345 /* lcode.c */ = {isa = PBXFileReference; lastKnownFileType = sourcecode.c.c; path = lcode.c; sourceTree = "<group>"; };
		83B8DEB72DD523570054E345 /* lcorolib.c */ = {isa = PBXFileReference; lastKnownFileType = sourcecode.c.c; path = lcorolib.c; sourceTree = "<group>"; };
		83B8DEB82DD523570054E345 /* lctype.h */ = {isa = PBXFileReference; lastKnownFileType = sourcecode.c.h; path = lctype.h; sourceTree = "<group>"; };
		83B8DEB92DD523570054E345 /* lctype.c */ = {isa = PBXFileReference; lastKnownFileType = sourcecode.c.c; path = lctype.c; sourceTree = "<group>"; };
		83B8DEBA2DD523570054E345 /* ldblib.c */ = {isa = PBXFileReference; lastKnownFileType = sourcecode.c.c; path = ldblib.c; sourceTree = "<group>"; };
		83B8DEBB2DD523570054E345 /* ldebug.h */ = {isa = PBXFileReference; lastKnownFileType = sourcecode.c.h; path = ldebug.h; sourceTree = "<group>"; };
		83B8DEBC2DD523570054E345 /* ldebug.c */ = {isa = PBXFileReference; lastKnownFileType = sourcecode.c.c; path = ldebug.c; sourceTree = "<group>"; };
		83B8DEBD2DD523570054E345 /* ldo.h */ = {isa = PBXFileReference; lastKnownFileType = sourcecode.c.h; path = ldo.h; sourceTree = "<group>"; };
		83B8DEBE2DD523570054E345 /* ldo.c */ = {isa = PBXFileReference; lastKnownFileType = sourcecode.c.c; path = ldo.c; sourceTree = "<group>"; };
		83B8DEBF2DD523570054E345 /* ldump.c */ = {isa = PBXFileReference; lastKnownFileType = sourcecode.c.c; path = ldump.c; sourceTree = "<group>"; };
		83B8DEC02DD523570054E345 /* lfunc.h */ = {isa = PBXFileReference; lastKnownFileType = sourcecode.c.h; path = lfunc.h; sourceTree = "<group>"; };
		83B8DEC12DD523570054E345 /* lfunc.c */ = {isa = PBXFileReference; lastKnownFileType = sourcecode.c.c; path = lfunc.c; sourceTree = "<group>"; };
		83B8DEC22DD523570054E345 /* lgc.h */ = {isa = PBXFileReference; lastKnownFileType = sourcecode.c.h; path = lgc.h; sourceTree = "<group>"; };
		83B8DEC32DD523570054E345 /* lgc.c */ = {isa = PBXFileReference; lastKnownFileType = sourcecode.c.c; path = lgc.c; sourceTree = "<group>"; };
		83B8DEC42DD523570054E345 /* linit.c */ = {isa = PBXFileReference; lastKnownFileType = sourcecode.c.c; path = linit.c; sourceTree = "<group>"; };
		83B8DEC52DD523570054E345 /* liolib.c */ = {isa = PBXFileReference; lastKnownFileType = sourcecode.c.c; path = liolib.c; sourceTree = "<group>"; };
		83B8DEC62DD523570054E345 /* ljumptab.h */ = {isa = PBXFileReference; lastKnownFileType = sourcecode.c.h; path = ljumptab.h; sourceTree = "<group>"; };
		83B8DEC72DD523570054E345 /* llex.h */ = {isa = PBXFileReference; lastKnownFileType = sourcecode.c.h; path = llex.h; sourceTree = "<group>"; };
		83B8DEC82DD523570054E345 /* llex.c */ = {isa = PBXFileReference; lastKnownFileType = sourcecode.c.c; path = llex.c; sourceTree = "<group>"; };
		83B8DEC92DD523570054E345 /* llimits.h */ = {isa = PBXFileReference; lastKnownFileType = sourcecode.c.h; path = llimits.h; sourceTree = "<group>"; };
		83B8DECA2DD523570054E345 /* lmathlib.c */ = {isa = PBXFileReference; lastKnownFileType = sourcecode.c.c; path = lmathlib.c; sourceTree = "<group>"; };
		83B8DECB2DD523570054E345 /* lmem.h */ = {isa = PBXFileReference; lastKnownFileType = sourcecode.c.h; path = lmem.h; sourceTree = "<group>"; };
		83B8DECC2DD523570054E345 /* lmem.c */ = {isa = PBXFileReference; lastKnownFileType = sourcecode.c.c; path = lmem.c; sourceTree = "<group>"; };
		83B8DECD2DD523570054E345 /* loadlib.c */ = {isa = PBXFileReference; lastKnownFileType = sourcecode.c.c; path = loadlib.c; sourceTree = "<group>"; };
		83B8DECE2DD523570054E345 /* lobject.h */ = {isa = PBXFileReference; lastKnownFileType = sourcecode.c.h; path = lobject.h; sourceTree = "<group>"; };
		83B8DECF2DD523570054E345 /* lobject.c */ = {isa = PBXFileReference; lastKnownFileType = sourcecode.c.c; path = lobject.c; sourceTree = "<group>"; };
		83B8DED02DD523570054E345 /* lopcodes.h */ = {isa = PBXFileReference; lastKnownFileType = sourcecode.c.h; path = lopcodes.h; sourceTree = "<group>"; };
		83B8DED12DD523570054E345 /* lopcodes.c */ = {isa = PBXFileReference; lastKnownFileType = sourcecode.c.c; path = lopcodes.c; sourceTree = "<group>"; };
		83B8DED22DD523570054E345 /* lopnames.h */ = {isa = PBXFileReference; lastKnownFileType = sourcecode.c.h; path = lopnames.h; sourceTree = "<group>"; };
		83B8DED32DD523570054E345 /* loslib.c */ = {isa = PBXFileReference; lastKnownFileType = sourcecode.c.c; path = loslib.c; sourceTree = "<group>"; };
		83B8DED42DD523570054E345 /* lparser.h */ = {isa = PBXFileReference; lastKnownFileType = sourcecode.c.h; path = lparser.h; sourceTree = "<group>"; };
		83B8DED52DD523570054E345 /* lparser.c */ = {isa = PBXFileReference; lastKnownFileType = sourcecode.c.c; path = lparser.c; sourceTree = "<group>"; };
		83B8DED62DD523570054E345 /* lprefix.h */ = {isa = PBXFileReference; lastKnownFileType = sourcecode.c.h; path = lprefix.h; sourceTree = "<group>"; };
		83B8DED72DD523570054E345 /* lstate.h */ = {isa = PBXFileReference; lastKnownFileType = sourcecode.c.h; path = lstate.h; sourceTree = "<group>"; };
		83B8DED82DD523570054E345 /* lstate.c */ = {isa = PBXFileReference; lastKnownFileType = sourcecode.c.c; path = lstate.c; sourceTree = "<group>"; };
		83B8DED92DD523570054E345 /* lstring.h */ = {isa = PBXFileReference; lastKnownFileType = sourcecode.c.h; path = lstring.h; sourceTree = "<group>"; };
		83B8DEDA2DD523570054E345 /* lstring.c */ = {isa = PBXFileReference; lastKnownFileType = sourcecode.c.c; path = lstring.c; sourceTree = "<group>"; };
		83B8DEDB2DD523570054E345 /* lstrlib.c */ = {isa = PBXFileReference; lastKnownFileType = sourcecode.c.c; path = lstrlib.c; sourceTree = "<group>"; };
		83B8DEDC2DD523570054E345 /* ltable.h */ = {isa = PBXFileReference; lastKnownFileType = sourcecode.c.h; path = ltable.h; sourceTree = "<group>"; };
		83B8DEDD2DD523570054E345 /* ltable.c */ = {isa = PBXFileReference; lastKnownFileType = sourcecode.c.c; path = ltable.c; sourceTree = "<group>"; };
		83B8DEDE2DD523570054E345 /* ltablib.c */ = {isa = PBXFileReference; lastKnownFileType = sourcecode.c.c; path = ltablib.c; sourceTree = "<group>"; };
		83B8DEDF2DD523570054E345 /* ltm.h */ = {isa = PBXFileReference; lastKnownFileType = sourcecode.c.h; path = ltm.h; sourceTree = "<group>"; };
		83B8DEE02DD523570054E345 /* ltm.c */ = {isa = PBXFileReference; lastKnownFileType = sourcecode.c.c; path = ltm.c; sourceTree = "<group>"; };
		83B8DEE12DD523570054E345 /* lua.h */ = {isa = PBXFileReference; lastKnownFileType = sourcecode.c.h; path = lua.h; sourceTree = "<group>"; };
		83B8DEE22DD523570054E345 /* lua.hpp */ = {isa = PBXFileReference; lastKnownFileType = sourcecode.cpp.h; path = lua.hpp; sourceTree = "<group>"; };
		83B8DEE32DD523570054E345 /* lua.c */ = {isa = PBXFileReference; lastKnownFileType = sourcecode.c.c; path = lua.c; sourceTree = "<group>"; };
		83B8DEE42DD523570054E345 /* luac.c */ = {isa = PBXFileReference; lastKnownFileType = sourcecode.c.c; path = luac.c; sourceTree = "<group>"; };
		83B8DEE52DD523570054E345 /* luaconf.h */ = {isa = PBXFileReference; lastKnownFileType = sourcecode.c.h; path = luaconf.h; sourceTree = "<group>"; };
		83B8DEE62DD523570054E345 /* lualib.h */ = {isa = PBXFileReference; lastKnownFileType = sourcecode.c.h; path = lualib.h; sourceTree = "<group>"; };
		83B8DEE72DD523570054E345 /* lundump.h */ = {isa = PBXFileReference; lastKnownFileType = sourcecode.c.h; path = lundump.h; sourceTree = "<group>"; };
		83B8DEE82DD523570054E345 /* lundump.c */ = {isa = PBXFileReference; lastKnownFileType = sourcecode.c.c; path = lundump.c; sourceTree = "<group>"; };
		83B8DEE92DD523570054E345 /* lutf8lib.c */ = {isa = PBXFileReference; lastKnownFileType = sourcecode.c.c; path = lutf8lib.c; sourceTree = "<group>"; };
		83B8DEEA2DD523570054E345 /* lvm.h */ = {isa = PBXFileReference; lastKnownFileType = sourcecode.c.h; path = lvm.h; sourceTree = "<group>"; };
		83B8DEEB2DD523570054E345 /* lvm.c */ = {isa = PBXFileReference; lastKnownFileType = sourcecode.c.c; path = lvm.c; sourceTree = "<group>"; };
		83B8DEEC2DD523570054E345 /* lzio.h */ = {isa = PBXFileReference; lastKnownFileType = sourcecode.c.h; path = lzio.h; sourceTree = "<group>"; };
		83B8DEED2DD523570054E345 /* lzio.c */ = {isa = PBXFileReference; lastKnownFileType = sourcecode.c.c; path = lzio.c; sourceTree = "<group>"; };
		83B8DEEE2DD523570054E345 /* Makefile */ = {isa = PBXFileReference; lastKnownFileType = sourcecode.make; path = Makefile; sourceTree = "<group>"; };
		83B8DEF02DD523570054E345 /* Makefile */ = {isa = PBXFileReference; lastKnownFileType = sourcecode.make; path = Makefile; sourceTree = "<group>"; };
		83B8DEF12DD523570054E345 /* README */ = {isa = PBXFileReference; lastKnownFileType = text; path = README; sourceTree = "<group>"; };
/* End PBXFileReference section */

/* Begin PBXGroup section */
		836B3002259E222600A6A5F7 = {
			isa = PBXGroup;
			children = (
				836B3009259E222600A6A5F7 /* magic */,
				836B300A259E222600A6A5F7 /* highlight */,
				836B300B259E222600A6A5F7 /* boost */,
				836B300C259E222600A6A5F7 /* Makefile */,
				836B300E259E222600A6A5F7 /* .gitignore */,
				83B8DEF22DD523570054E345 /* lua-5.4.7 */,
				836B300F259E222600A6A5F7 /* lua-5.4.4 */,
				836B3010259E222600A6A5F7 /* wrapper_highlight.h */,
				836B3012259E222600A6A5F7 /* build */,
				836B3013259E222600A6A5F7 /* wrapper_highlight.cpp */,
			);
			sourceTree = "<group>";
		};
		83B8DEAF2DD523570054E345 /* doc */ = {
			isa = PBXGroup;
			children = (
				83B8DEA52DD523570054E345 /* contents.html */,
				83B8DEA62DD523570054E345 /* index.css */,
				83B8DEA72DD523570054E345 /* logo.gif */,
				83B8DEA82DD523570054E345 /* lua.1 */,
				83B8DEA92DD523570054E345 /* lua.css */,
				83B8DEAA2DD523570054E345 /* luac.1 */,
				83B8DEAB2DD523570054E345 /* manual.css */,
				83B8DEAC2DD523570054E345 /* manual.html */,
				83B8DEAD2DD523570054E345 /* OSIApproved_100X125.png */,
				83B8DEAE2DD523570054E345 /* readme.html */,
			);
			path = doc;
			sourceTree = "<group>";
		};
		83B8DEEF2DD523570054E345 /* src */ = {
			isa = PBXGroup;
			children = (
				83B8DEB02DD523570054E345 /* lapi.h */,
				83B8DEB12DD523570054E345 /* lapi.c */,
				83B8DEB22DD523570054E345 /* lauxlib.h */,
				83B8DEB32DD523570054E345 /* lauxlib.c */,
				83B8DEB42DD523570054E345 /* lbaselib.c */,
				83B8DEB52DD523570054E345 /* lcode.h */,
				83B8DEB62DD523570054E345 /* lcode.c */,
				83B8DEB72DD523570054E345 /* lcorolib.c */,
				83B8DEB82DD523570054E345 /* lctype.h */,
				83B8DEB92DD523570054E345 /* lctype.c */,
				83B8DEBA2DD523570054E345 /* ldblib.c */,
				83B8DEBB2DD523570054E345 /* ldebug.h */,
				83B8DEBC2DD523570054E345 /* ldebug.c */,
				83B8DEBD2DD523570054E345 /* ldo.h */,
				83B8DEBE2DD523570054E345 /* ldo.c */,
				83B8DEBF2DD523570054E345 /* ldump.c */,
				83B8DEC02DD523570054E345 /* lfunc.h */,
				83B8DEC12DD523570054E345 /* lfunc.c */,
				83B8DEC22DD523570054E345 /* lgc.h */,
				83B8DEC32DD523570054E345 /* lgc.c */,
				83B8DEC42DD523570054E345 /* linit.c */,
				83B8DEC52DD523570054E345 /* liolib.c */,
				83B8DEC62DD523570054E345 /* ljumptab.h */,
				83B8DEC72DD523570054E345 /* llex.h */,
				83B8DEC82DD523570054E345 /* llex.c */,
				83B8DEC92DD523570054E345 /* llimits.h */,
				83B8DECA2DD523570054E345 /* lmathlib.c */,
				83B8DECB2DD523570054E345 /* lmem.h */,
				83B8DECC2DD523570054E345 /* lmem.c */,
				83B8DECD2DD523570054E345 /* loadlib.c */,
				83B8DECE2DD523570054E345 /* lobject.h */,
				83B8DECF2DD523570054E345 /* lobject.c */,
				83B8DED02DD523570054E345 /* lopcodes.h */,
				83B8DED12DD523570054E345 /* lopcodes.c */,
				83B8DED22DD523570054E345 /* lopnames.h */,
				83B8DED32DD523570054E345 /* loslib.c */,
				83B8DED42DD523570054E345 /* lparser.h */,
				83B8DED52DD523570054E345 /* lparser.c */,
				83B8DED62DD523570054E345 /* lprefix.h */,
				83B8DED72DD523570054E345 /* lstate.h */,
				83B8DED82DD523570054E345 /* lstate.c */,
				83B8DED92DD523570054E345 /* lstring.h */,
				83B8DEDA2DD523570054E345 /* lstring.c */,
				83B8DEDB2DD523570054E345 /* lstrlib.c */,
				83B8DEDC2DD523570054E345 /* ltable.h */,
				83B8DEDD2DD523570054E345 /* ltable.c */,
				83B8DEDE2DD523570054E345 /* ltablib.c */,
				83B8DEDF2DD523570054E345 /* ltm.h */,
				83B8DEE02DD523570054E345 /* ltm.c */,
				83B8DEE12DD523570054E345 /* lua.h */,
				83B8DEE22DD523570054E345 /* lua.hpp */,
				83B8DEE32DD523570054E345 /* lua.c */,
				83B8DEE42DD523570054E345 /* luac.c */,
				83B8DEE52DD523570054E345 /* luaconf.h */,
				83B8DEE62DD523570054E345 /* lualib.h */,
				83B8DEE72DD523570054E345 /* lundump.h */,
				83B8DEE82DD523570054E345 /* lundump.c */,
				83B8DEE92DD523570054E345 /* lutf8lib.c */,
				83B8DEEA2DD523570054E345 /* lvm.h */,
				83B8DEEB2DD523570054E345 /* lvm.c */,
				83B8DEEC2DD523570054E345 /* lzio.h */,
				83B8DEED2DD523570054E345 /* lzio.c */,
				83B8DEEE2DD523570054E345 /* Makefile */,
			);
			path = src;
			sourceTree = "<group>";
		};
		83B8DEF22DD523570054E345 /* lua-5.4.7 */ = {
			isa = PBXGroup;
			children = (
				83B8DEAF2DD523570054E345 /* doc */,
				83B8DEEF2DD523570054E345 /* src */,
				83B8DEF02DD523570054E345 /* Makefile */,
				83B8DEF12DD523570054E345 /* README */,
			);
			path = "lua-5.4.7";
			sourceTree = "<group>";
		};
/* End PBXGroup section */

/* Begin PBXLegacyTarget section */
		836B3007259E222600A6A5F7 /* highlight-wrapper */ = {
			isa = PBXLegacyTarget;
			buildArgumentsString = "$(ACTION)";
			buildConfigurationList = 836B3016259E222600A6A5F7 /* Build configuration list for PBXLegacyTarget "highlight-wrapper" */;
			buildPhases = (
			);
			buildToolPath = /usr/bin/make;
			buildWorkingDirectory = "";
			dependencies = (
			);
			name = "highlight-wrapper";
			passBuildSettingsInEnvironment = 1;
			productName = "highlight-wrapper";
		};
/* End PBXLegacyTarget section */

/* Begin PBXProject section */
		836B3003259E222600A6A5F7 /* Project object */ = {
			isa = PBXProject;
			attributes = {
				BuildIndependentTargetsInParallel = YES;
				LastUpgradeCheck = 1630;
			};
			buildConfigurationList = 836B3006259E222600A6A5F7 /* Build configuration list for PBXProject "highlight-wrapper" */;
			compatibilityVersion = "Xcode 9.3";
			developmentRegion = en;
			hasScannedForEncodings = 0;
			knownRegions = (
				en,
				Base,
			);
			mainGroup = 836B3002259E222600A6A5F7;
			projectDirPath = "";
			projectRoot = "";
			targets = (
				836B3007259E222600A6A5F7 /* highlight-wrapper */,
			);
		};
/* End PBXProject section */

/* Begin XCBuildConfiguration section */
		836B3004259E222600A6A5F7 /* Debug */ = {
			isa = XCBuildConfiguration;
			buildSettings = {
				CLANG_WARN_BLOCK_CAPTURE_AUTORELEASING = YES;
				CLANG_WARN_BOOL_CONVERSION = YES;
				CLANG_WARN_COMMA = YES;
				CLANG_WARN_CONSTANT_CONVERSION = YES;
				CLANG_WARN_DEPRECATED_OBJC_IMPLEMENTATIONS = YES;
				CLANG_WARN_EMPTY_BODY = YES;
				CLANG_WARN_ENUM_CONVERSION = YES;
				CLANG_WARN_INFINITE_RECURSION = YES;
				CLANG_WARN_INT_CONVERSION = YES;
				CLANG_WARN_NON_LITERAL_NULL_CONVERSION = YES;
				CLANG_WARN_OBJC_IMPLICIT_RETAIN_SELF = YES;
				CLANG_WARN_OBJC_LITERAL_CONVERSION = YES;
				CLANG_WARN_QUOTED_INCLUDE_IN_FRAMEWORK_HEADER = YES;
				CLANG_WARN_RANGE_LOOP_ANALYSIS = YES;
				CLANG_WARN_STRICT_PROTOTYPES = YES;
				CLANG_WARN_SUSPICIOUS_MOVE = YES;
				CLANG_WARN_UNREACHABLE_CODE = YES;
				CLANG_WARN__DUPLICATE_METHOD_MATCH = YES;
				COPY_PHASE_STRIP = NO;
				DEAD_CODE_STRIPPING = YES;
				ENABLE_STRICT_OBJC_MSGSEND = YES;
				ENABLE_TESTABILITY = YES;
				ENABLE_USER_SCRIPT_SANDBOXING = YES;
				GCC_NO_COMMON_BLOCKS = YES;
				GCC_WARN_64_TO_32_BIT_CONVERSION = YES;
				GCC_WARN_ABOUT_RETURN_TYPE = YES;
				GCC_WARN_UNDECLARED_SELECTOR = YES;
				GCC_WARN_UNINITIALIZED_AUTOS = YES;
				GCC_WARN_UNUSED_FUNCTION = YES;
				GCC_WARN_UNUSED_VARIABLE = YES;
				ONLY_ACTIVE_ARCH = YES;
				SDKROOT = macosx;
			};
			name = Debug;
		};
		836B3005259E222600A6A5F7 /* Release */ = {
			isa = XCBuildConfiguration;
			buildSettings = {
				CLANG_WARN_BLOCK_CAPTURE_AUTORELEASING = YES;
				CLANG_WARN_BOOL_CONVERSION = YES;
				CLANG_WARN_COMMA = YES;
				CLANG_WARN_CONSTANT_CONVERSION = YES;
				CLANG_WARN_DEPRECATED_OBJC_IMPLEMENTATIONS = YES;
				CLANG_WARN_EMPTY_BODY = YES;
				CLANG_WARN_ENUM_CONVERSION = YES;
				CLANG_WARN_INFINITE_RECURSION = YES;
				CLANG_WARN_INT_CONVERSION = YES;
				CLANG_WARN_NON_LITERAL_NULL_CONVERSION = YES;
				CLANG_WARN_OBJC_IMPLICIT_RETAIN_SELF = YES;
				CLANG_WARN_OBJC_LITERAL_CONVERSION = YES;
				CLANG_WARN_QUOTED_INCLUDE_IN_FRAMEWORK_HEADER = YES;
				CLANG_WARN_RANGE_LOOP_ANALYSIS = YES;
				CLANG_WARN_STRICT_PROTOTYPES = YES;
				CLANG_WARN_SUSPICIOUS_MOVE = YES;
				CLANG_WARN_UNREACHABLE_CODE = YES;
				CLANG_WARN__DUPLICATE_METHOD_MATCH = YES;
				COPY_PHASE_STRIP = YES;
				DEAD_CODE_STRIPPING = YES;
				ENABLE_STRICT_OBJC_MSGSEND = YES;
				ENABLE_USER_SCRIPT_SANDBOXING = YES;
				GCC_NO_COMMON_BLOCKS = YES;
				GCC_WARN_64_TO_32_BIT_CONVERSION = YES;
				GCC_WARN_ABOUT_RETURN_TYPE = YES;
				GCC_WARN_UNDECLARED_SELECTOR = YES;
				GCC_WARN_UNINITIALIZED_AUTOS = YES;
				GCC_WARN_UNUSED_FUNCTION = YES;
				GCC_WARN_UNUSED_VARIABLE = YES;
				SDKROOT = macosx;
			};
			name = Release;
		};
		836B3017259E222600A6A5F7 /* Debug */ = {
			isa = XCBuildConfiguration;
			buildSettings = {
				CLANG_ENABLE_OBJC_WEAK = YES;
				COPY_PHASE_STRIP = NO;
				DEAD_CODE_STRIPPING = YES;
				DEBUGGING_SYMBOLS = YES;
				GCC_DYNAMIC_NO_PIC = NO;
				GCC_GENERATE_DEBUGGING_SYMBOLS = YES;
				GCC_OPTIMIZATION_LEVEL = 0;
				OTHER_CFLAGS = "";
				OTHER_LDFLAGS = "";
				PRODUCT_NAME = "highlight-wrapper";
				SDKROOT = macosx;
			};
			name = Debug;
		};
		836B3018259E222600A6A5F7 /* Release */ = {
			isa = XCBuildConfiguration;
			buildSettings = {
				CLANG_ENABLE_OBJC_WEAK = YES;
				COPY_PHASE_STRIP = YES;
				DEAD_CODE_STRIPPING = YES;
				DEBUG_INFORMATION_FORMAT = "dwarf-with-dsym";
				OTHER_CFLAGS = "";
				OTHER_LDFLAGS = "";
				PRODUCT_NAME = "highlight-wrapper";
				SDKROOT = macosx;
			};
			name = Release;
		};
/* End XCBuildConfiguration section */

/* Begin XCConfigurationList section */
		836B3006259E222600A6A5F7 /* Build configuration list for PBXProject "highlight-wrapper" */ = {
			isa = XCConfigurationList;
			buildConfigurations = (
				836B3004259E222600A6A5F7 /* Debug */,
				836B3005259E222600A6A5F7 /* Release */,
			);
			defaultConfigurationIsVisible = 0;
			defaultConfigurationName = Release;
		};
		836B3016259E222600A6A5F7 /* Build configuration list for PBXLegacyTarget "highlight-wrapper" */ = {
			isa = XCConfigurationList;
			buildConfigurations = (
				836B3017259E222600A6A5F7 /* Debug */,
				836B3018259E222600A6A5F7 /* Release */,
			);
			defaultConfigurationIsVisible = 0;
			defaultConfigurationName = Release;
		};
/* End XCConfigurationList section */
	};
	rootObject = 836B3003259E222600A6A5F7 /* Project object */;
}
