github.com/davecgh/go-spew v1.1.0/go.mod h1:J7Y8YcW2NihsgmVo/mv3lAwl/skON4iLHjSsI+c5H38=
github.com/davecgh/go-spew v1.1.1/go.mod h1:J7Y8YcW2NihsgmVo/mv3lAwl/skON4iLHjSsI+c5H38=
github.com/go-enry/go-enry v1.7.3 h1:MbViVjoR80+AWFY8GmhEdtGY7WYAPxb0A74kLc8X5c0=
github.com/go-enry/go-enry/v2 v2.6.0 h1:nbGWQBpO+D+cJuRxNgSDFnFY9QWz3QM/CeZxU7VAH20=
github.com/go-enry/go-enry/v2 v2.6.0/go.mod h1:GVzIiAytiS5uT/QiuakK7TF1u4xDab87Y8V5EJRpsIQ=
github.com/go-enry/go-enry/v2 v2.8.4 h1:QrY3hx/RiqCJJRbdU0MOcjfTM1a586J0WSooqdlJIhs=
github.com/go-enry/go-enry/v2 v2.8.4/go.mod h1:9yrj4ES1YrbNb1Wb7/PWYr2bpaCXUGRt0uafN0ISyG8=
github.com/go-enry/go-enry/v2 v2.8.8 h1:EhfxWpw4DQ3WEFB1Y77X8vKqZL0D0EDUUWYDUAIv9/4=
github.com/go-enry/go-enry/v2 v2.8.8/go.mod h1:9yrj4ES1YrbNb1Wb7/PWYr2bpaCXUGRt0uafN0ISyG8=
github.com/go-enry/go-enry/v2 v2.9.2 h1:giOQAtCgBX08kosrX818DCQJTCNtKwoPBGu0qb6nKTY=
github.com/go-enry/go-enry/v2 v2.9.2/go.mod h1:9yrj4ES1YrbNb1Wb7/PWYr2bpaCXUGRt0uafN0ISyG8=
github.com/go-enry/go-oniguruma v1.2.1 h1:k8aAMuJfMrqm/56SG2lV9Cfti6tC4x8673aHCcBk+eo=
github.com/go-enry/go-oniguruma v1.2.1/go.mod h1:bWDhYP+S6xZQgiRL7wlTScFYBe023B6ilRZbCAD5Hf4=
github.com/pmezard/go-difflib v1.0.0/go.mod h1:iKH77koFhYxTK1pcRnkKkqfTogsbg7gZNVY4sRDYZ/4=
github.com/stretchr/objx v0.1.0/go.mod h1:HFkY916IF+rwdDfMAkV7OtwuqBVzrE8GR6GFx+wExME=
github.com/stretchr/objx v0.4.0/go.mod h1:YvHI0jy2hoMjB+UWwv71VJQ9isScKT/TqJzVSSt89Yw=
github.com/stretchr/objx v0.5.0/go.mod h1:Yh+to48EsGEfYuaHDzXPcE3xhTkx73EhmCGUpEOglKo=
github.com/stretchr/testify v1.3.0/go.mod h1:M5WIy9Dh21IEIfnGCwXGc5bZfKNJtfHm1UVUgZn+9EI=
github.com/stretchr/testify v1.7.1/go.mod h1:6Fq8oRcR53rry900zMqJjRRixrwX3KX962/h/Wwjteg=
github.com/stretchr/testify v1.8.0/go.mod h1:yNjHg4UonilssWZ8iaSj1OCr/vHnekPRkoO+kdMU+MU=
github.com/stretchr/testify v1.8.1/go.mod h1:w2LPCIKwWwSfY2zedu0+kehJoqGctiVI29o6fzry7u4=
github.com/vimeo/go-magic v1.0.0 h1:1GGtwzLJwSd7i24Ie7LSNLF0T/w1NiZn5iELjgWcAy4=
github.com/vimeo/go-magic v1.0.0/go.mod h1:xvu4I7AcaioNKakZMURKiJPAlHCTFwIr+qQhOOQQfBk=
gopkg.in/check.v1 v0.0.0-20161208181325-20d25e280405/go.mod h1:Co6ibVJAznAaIkqp8huTwlJQCZ016jof/cbN4VW5Yz0=
gopkg.in/yaml.v2 v2.2.8/go.mod h1:hI93XBmqTisBFMUTm0b8Fm+jr3Dg1NNxqwp+5A1VGuI=
gopkg.in/yaml.v3 v3.0.0-20200313102051-9f266ea9e77c/go.mod h1:K4uyk7z7BCEPqu6E+C64Yfv1cQ7kz7rIZviUmN+EgEM=
gopkg.in/yaml.v3 v3.0.1/go.mod h1:K4uyk7z7BCEPqu6E+C64Yfv1cQ7kz7rIZviUmN+EgEM=
